
Microsoft Visual Studio Solution File, Format Version 12.00
# Visual Studio Version 17
VisualStudioVersion = 17.5.33530.505
MinimumVisualStudioVersion = 10.0.40219.1
Project("{FAE04EC0-301F-11D3-BF4B-00C04F79EFBC}") = "intent", "intent.csproj", "{55F126E8-F7A3-4F1D-B200-BF529A35546D}"
EndProject
Global
	GlobalSection(SolutionConfigurationPlatforms) = preSolution
		Debug|Any CPU = Debug|Any CPU
		Release|Any CPU = Release|Any CPU
	EndGlobalSection
	GlobalSection(ProjectConfigurationPlatforms) = postSolution
		{55F126E8-F7A3-4F1D-B200-BF529A35546D}.Debug|Any CPU.ActiveCfg = Debug|Any CPU
		{55F126E8-F7A3-4F1D-B200-BF529A35546D}.Debug|Any CPU.Build.0 = Debug|Any CPU
		{55F126E8-F7A3-4F1D-B200-BF529A35546D}.Debug|Any CPU.Deploy.0 = Debug|Any CPU
		{55F126E8-F7A3-4F1D-B200-BF529A35546D}.Release|Any CPU.ActiveCfg = Release|Any CPU
		{55F126E8-F7A3-4F1D-B200-BF529A35546D}.Release|Any CPU.Build.0 = Release|Any CPU
		{55F126E8-F7A3-4F1D-B200-BF529A35546D}.Release|Any CPU.Deploy.0 = Release|Any CPU
	EndGlobalSection
	GlobalSection(SolutionProperties) = preSolution
		HideSolutionNode = FALSE
	EndGlobalSection
	GlobalSection(ExtensibilityGlobals) = postSolution
		SolutionGuid = {463618ED-0AA4-436F-B396-1AF1BE94120A}
	EndGlobalSection
EndGlobal
