
Microsoft Visual Studio Solution File, Format Version 12.00
# Visual Studio Version 17
VisualStudioVersion = 17.5.33530.505
MinimumVisualStudioVersion = 10.0.40219.1
Project("{FAE04EC0-301F-11D3-BF4B-00C04F79EFBC}") = "test", "test.csproj", "{423C7B9C-2716-4EFB-BE23-A40D0CDF1EBD}"
EndProject
Global
	GlobalSection(SolutionConfigurationPlatforms) = preSolution
		Debug|Any CPU = Debug|Any CPU
		Release|Any CPU = Release|Any CPU
	EndGlobalSection
	GlobalSection(ProjectConfigurationPlatforms) = postSolution
		{423C7B9C-2716-4EFB-BE23-A40D0CDF1EBD}.Debug|Any CPU.ActiveCfg = Debug|Any CPU
		{423C7B9C-2716-4EFB-BE23-A40D0CDF1EBD}.Debug|Any CPU.Build.0 = Debug|Any CPU
		{423C7B9C-2716-4EFB-BE23-A40D0CDF1EBD}.Release|Any CPU.ActiveCfg = Release|Any CPU
		{423C7B9C-2716-4EFB-BE23-A40D0CDF1EBD}.Release|Any CPU.Build.0 = Release|Any CPU
	EndGlobalSection
	GlobalSection(SolutionProperties) = preSolution
		HideSolutionNode = FALSE
	EndGlobalSection
	GlobalSection(ExtensibilityGlobals) = postSolution
		SolutionGuid = {7F7D2F34-E22C-4FF1-96E7-1E4955C5285A}
	EndGlobalSection
EndGlobal
