
Microsoft Visual Studio Solution File, Format Version 12.00
# Visual Studio Version 17
VisualStudioVersion = 17.5.33530.505
MinimumVisualStudioVersion = 10.0.40219.1
Project("{FAE04EC0-301F-11D3-BF4B-00C04F79EFBC}") = "AmdroidApp1.Android", "AmdroidApp1.Android\AmdroidApp1.Android.csproj", "{3DAC18F5-CCA5-42FF-B44D-6B75996BAE30}"
EndProject
Project("{FAE04EC0-301F-11D3-BF4B-00C04F79EFBC}") = "AmdroidApp1.iOS", "AmdroidApp1.iOS\AmdroidApp1.iOS.csproj", "{0C93D284-4435-47B7-8188-C921F032D271}"
EndProject
Project("{FAE04EC0-301F-11D3-BF4B-00C04F79EFBC}") = "AmdroidApp1", "AmdroidApp1\AmdroidApp1.csproj", "{DD92310C-DEE8-487F-8DDD-CB9750547CCF}"
EndProject
Global
	GlobalSection(SolutionConfigurationPlatforms) = preSolution
		Debug|Any CPU = Debug|Any CPU
		Debug|iPhone = Debug|iPhone
		Debug|iPhoneSimulator = Debug|iPhoneSimulator
		Release|Any CPU = Release|Any CPU
		Release|iPhone = Release|iPhone
		Release|iPhoneSimulator = Release|iPhoneSimulator
	EndGlobalSection
	GlobalSection(ProjectConfigurationPlatforms) = postSolution
		{3DAC18F5-CCA5-42FF-B44D-6B75996BAE30}.Debug|Any CPU.ActiveCfg = Debug|Any CPU
		{3DAC18F5-CCA5-42FF-B44D-6B75996BAE30}.Debug|Any CPU.Build.0 = Debug|Any CPU
		{3DAC18F5-CCA5-42FF-B44D-6B75996BAE30}.Debug|Any CPU.Deploy.0 = Debug|Any CPU
		{3DAC18F5-CCA5-42FF-B44D-6B75996BAE30}.Debug|iPhone.ActiveCfg = Debug|Any CPU
		{3DAC18F5-CCA5-42FF-B44D-6B75996BAE30}.Debug|iPhone.Build.0 = Debug|Any CPU
		{3DAC18F5-CCA5-42FF-B44D-6B75996BAE30}.Debug|iPhone.Deploy.0 = Debug|Any CPU
		{3DAC18F5-CCA5-42FF-B44D-6B75996BAE30}.Debug|iPhoneSimulator.ActiveCfg = Debug|Any CPU
		{3DAC18F5-CCA5-42FF-B44D-6B75996BAE30}.Debug|iPhoneSimulator.Build.0 = Debug|Any CPU
		{3DAC18F5-CCA5-42FF-B44D-6B75996BAE30}.Debug|iPhoneSimulator.Deploy.0 = Debug|Any CPU
		{3DAC18F5-CCA5-42FF-B44D-6B75996BAE30}.Release|Any CPU.ActiveCfg = Release|Any CPU
		{3DAC18F5-CCA5-42FF-B44D-6B75996BAE30}.Release|Any CPU.Build.0 = Release|Any CPU
		{3DAC18F5-CCA5-42FF-B44D-6B75996BAE30}.Release|Any CPU.Deploy.0 = Release|Any CPU
		{3DAC18F5-CCA5-42FF-B44D-6B75996BAE30}.Release|iPhone.ActiveCfg = Release|Any CPU
		{3DAC18F5-CCA5-42FF-B44D-6B75996BAE30}.Release|iPhone.Build.0 = Release|Any CPU
		{3DAC18F5-CCA5-42FF-B44D-6B75996BAE30}.Release|iPhone.Deploy.0 = Release|Any CPU
		{3DAC18F5-CCA5-42FF-B44D-6B75996BAE30}.Release|iPhoneSimulator.ActiveCfg = Release|Any CPU
		{3DAC18F5-CCA5-42FF-B44D-6B75996BAE30}.Release|iPhoneSimulator.Build.0 = Release|Any CPU
		{3DAC18F5-CCA5-42FF-B44D-6B75996BAE30}.Release|iPhoneSimulator.Deploy.0 = Release|Any CPU
		{0C93D284-4435-47B7-8188-C921F032D271}.Debug|Any CPU.ActiveCfg = Debug|iPhone
		{0C93D284-4435-47B7-8188-C921F032D271}.Debug|Any CPU.Build.0 = Debug|iPhone
		{0C93D284-4435-47B7-8188-C921F032D271}.Debug|Any CPU.Deploy.0 = Debug|iPhone
		{0C93D284-4435-47B7-8188-C921F032D271}.Debug|iPhone.ActiveCfg = Debug|iPhone
		{0C93D284-4435-47B7-8188-C921F032D271}.Debug|iPhone.Build.0 = Debug|iPhone
		{0C93D284-4435-47B7-8188-C921F032D271}.Debug|iPhone.Deploy.0 = Debug|iPhone
		{0C93D284-4435-47B7-8188-C921F032D271}.Debug|iPhoneSimulator.ActiveCfg = Debug|iPhoneSimulator
		{0C93D284-4435-47B7-8188-C921F032D271}.Debug|iPhoneSimulator.Build.0 = Debug|iPhoneSimulator
		{0C93D284-4435-47B7-8188-C921F032D271}.Debug|iPhoneSimulator.Deploy.0 = Debug|iPhoneSimulator
		{0C93D284-4435-47B7-8188-C921F032D271}.Release|Any CPU.ActiveCfg = Release|iPhoneSimulator
		{0C93D284-4435-47B7-8188-C921F032D271}.Release|Any CPU.Build.0 = Release|iPhoneSimulator
		{0C93D284-4435-47B7-8188-C921F032D271}.Release|Any CPU.Deploy.0 = Release|iPhoneSimulator
		{0C93D284-4435-47B7-8188-C921F032D271}.Release|iPhone.ActiveCfg = Release|iPhone
		{0C93D284-4435-47B7-8188-C921F032D271}.Release|iPhone.Build.0 = Release|iPhone
		{0C93D284-4435-47B7-8188-C921F032D271}.Release|iPhone.Deploy.0 = Release|iPhone
		{0C93D284-4435-47B7-8188-C921F032D271}.Release|iPhoneSimulator.ActiveCfg = Release|iPhoneSimulator
		{0C93D284-4435-47B7-8188-C921F032D271}.Release|iPhoneSimulator.Build.0 = Release|iPhoneSimulator
		{0C93D284-4435-47B7-8188-C921F032D271}.Release|iPhoneSimulator.Deploy.0 = Release|iPhoneSimulator
		{DD92310C-DEE8-487F-8DDD-CB9750547CCF}.Debug|Any CPU.ActiveCfg = Debug|Any CPU
		{DD92310C-DEE8-487F-8DDD-CB9750547CCF}.Debug|Any CPU.Build.0 = Debug|Any CPU
		{DD92310C-DEE8-487F-8DDD-CB9750547CCF}.Debug|Any CPU.Deploy.0 = Debug|Any CPU
		{DD92310C-DEE8-487F-8DDD-CB9750547CCF}.Debug|iPhone.ActiveCfg = Debug|Any CPU
		{DD92310C-DEE8-487F-8DDD-CB9750547CCF}.Debug|iPhone.Build.0 = Debug|Any CPU
		{DD92310C-DEE8-487F-8DDD-CB9750547CCF}.Debug|iPhone.Deploy.0 = Debug|Any CPU
		{DD92310C-DEE8-487F-8DDD-CB9750547CCF}.Debug|iPhoneSimulator.ActiveCfg = Debug|Any CPU
		{DD92310C-DEE8-487F-8DDD-CB9750547CCF}.Debug|iPhoneSimulator.Build.0 = Debug|Any CPU
		{DD92310C-DEE8-487F-8DDD-CB9750547CCF}.Debug|iPhoneSimulator.Deploy.0 = Debug|Any CPU
		{DD92310C-DEE8-487F-8DDD-CB9750547CCF}.Release|Any CPU.ActiveCfg = Release|Any CPU
		{DD92310C-DEE8-487F-8DDD-CB9750547CCF}.Release|Any CPU.Build.0 = Release|Any CPU
		{DD92310C-DEE8-487F-8DDD-CB9750547CCF}.Release|Any CPU.Deploy.0 = Release|Any CPU
		{DD92310C-DEE8-487F-8DDD-CB9750547CCF}.Release|iPhone.ActiveCfg = Release|Any CPU
		{DD92310C-DEE8-487F-8DDD-CB9750547CCF}.Release|iPhone.Build.0 = Release|Any CPU
		{DD92310C-DEE8-487F-8DDD-CB9750547CCF}.Release|iPhone.Deploy.0 = Release|Any CPU
		{DD92310C-DEE8-487F-8DDD-CB9750547CCF}.Release|iPhoneSimulator.ActiveCfg = Release|Any CPU
		{DD92310C-DEE8-487F-8DDD-CB9750547CCF}.Release|iPhoneSimulator.Build.0 = Release|Any CPU
		{DD92310C-DEE8-487F-8DDD-CB9750547CCF}.Release|iPhoneSimulator.Deploy.0 = Release|Any CPU
	EndGlobalSection
	GlobalSection(SolutionProperties) = preSolution
		HideSolutionNode = FALSE
	EndGlobalSection
	GlobalSection(ExtensibilityGlobals) = postSolution
		SolutionGuid = {C4F50567-C288-4001-B238-42128056FE67}
	EndGlobalSection
EndGlobal
