
Microsoft Visual Studio Solution File, Format Version 12.00
# Visual Studio Version 16
VisualStudioVersion = 16.0.31624.102
MinimumVisualStudioVersion = 10.0.40219.1
Project("{FAE04EC0-301F-11D3-BF4B-00C04F79EFBC}") = "IntentsX", "IntentsX\IntentsX.csproj", "{BAA0290D-976E-4203-86BE-0C1F67F82EDC}"
EndProject
Global
	GlobalSection(SolutionConfigurationPlatforms) = preSolution
		Debug|Any CPU = Debug|Any CPU
		Release|Any CPU = Release|Any CPU
	EndGlobalSection
	GlobalSection(ProjectConfigurationPlatforms) = postSolution
		{BAA0290D-976E-4203-86BE-0C1F67F82EDC}.Debug|Any CPU.ActiveCfg = Debug|Any CPU
		{BAA0290D-976E-4203-86BE-0C1F67F82EDC}.Debug|Any CPU.Build.0 = Debug|Any CPU
		{BAA0290D-976E-4203-86BE-0C1F67F82EDC}.Debug|Any CPU.Deploy.0 = Debug|Any CPU
		{BAA0290D-976E-4203-86BE-0C1F67F82EDC}.Release|Any CPU.ActiveCfg = Release|Any CPU
		{BAA0290D-976E-4203-86BE-0C1F67F82EDC}.Release|Any CPU.Build.0 = Release|Any CPU
		{BAA0290D-976E-4203-86BE-0C1F67F82EDC}.Release|Any CPU.Deploy.0 = Release|Any CPU
	EndGlobalSection
	GlobalSection(SolutionProperties) = preSolution
		HideSolutionNode = FALSE
	EndGlobalSection
	GlobalSection(ExtensibilityGlobals) = postSolution
		SolutionGuid = {F3A9B419-AD03-4252-8F31-18C335439597}
	EndGlobalSection
EndGlobal
