
Microsoft Visual Studio Solution File, Format Version 12.00
# Visual Studio Version 17
VisualStudioVersion = 17.5.33530.505
MinimumVisualStudioVersion = 10.0.40219.1
Project("{FAE04EC0-301F-11D3-BF4B-00C04F79EFBC}") = "firebase_client", "firebase_client.csproj", "{D6995FCC-E358-4D08-94F0-AB07713D13FF}"
EndProject
Global
	GlobalSection(SolutionConfigurationPlatforms) = preSolution
		Debug|Any CPU = Debug|Any CPU
		Release|Any CPU = Release|Any CPU
	EndGlobalSection
	GlobalSection(ProjectConfigurationPlatforms) = postSolution
		{D6995FCC-E358-4D08-94F0-AB07713D13FF}.Debug|Any CPU.ActiveCfg = Debug|Any CPU
		{D6995FCC-E358-4D08-94F0-AB07713D13FF}.Debug|Any CPU.Build.0 = Debug|Any CPU
		{D6995FCC-E358-4D08-94F0-AB07713D13FF}.Debug|Any CPU.Deploy.0 = Debug|Any CPU
		{D6995FCC-E358-4D08-94F0-AB07713D13FF}.Release|Any CPU.ActiveCfg = Release|Any CPU
		{D6995FCC-E358-4D08-94F0-AB07713D13FF}.Release|Any CPU.Build.0 = Release|Any CPU
		{D6995FCC-E358-4D08-94F0-AB07713D13FF}.Release|Any CPU.Deploy.0 = Release|Any CPU
	EndGlobalSection
	GlobalSection(SolutionProperties) = preSolution
		HideSolutionNode = FALSE
	EndGlobalSection
	GlobalSection(ExtensibilityGlobals) = postSolution
		SolutionGuid = {36197FAB-63D4-4F58-871C-7B767CCE0F99}
	EndGlobalSection
EndGlobal
