
Microsoft Visual Studio Solution File, Format Version 12.00
# Visual Studio Version 17
VisualStudioVersion = 17.5.33530.505
MinimumVisualStudioVersion = 10.0.40219.1
Project("{FAE04EC0-301F-11D3-BF4B-00C04F79EFBC}") = "notification_bar", "notification_bar.csproj", "{88403A73-1154-410E-AFE5-9D61029B955E}"
EndProject
Global
	GlobalSection(SolutionConfigurationPlatforms) = preSolution
		Debug|Any CPU = Debug|Any CPU
		Release|Any CPU = Release|Any CPU
	EndGlobalSection
	GlobalSection(ProjectConfigurationPlatforms) = postSolution
		{88403A73-1154-410E-AFE5-9D61029B955E}.Debug|Any CPU.ActiveCfg = Debug|Any CPU
		{88403A73-1154-410E-AFE5-9D61029B955E}.Debug|Any CPU.Build.0 = Debug|Any CPU
		{88403A73-1154-410E-AFE5-9D61029B955E}.Debug|Any CPU.Deploy.0 = Debug|Any CPU
		{88403A73-1154-410E-AFE5-9D61029B955E}.Release|Any CPU.ActiveCfg = Release|Any CPU
		{88403A73-1154-410E-AFE5-9D61029B955E}.Release|Any CPU.Build.0 = Release|Any CPU
		{88403A73-1154-410E-AFE5-9D61029B955E}.Release|Any CPU.Deploy.0 = Release|Any CPU
	EndGlobalSection
	GlobalSection(SolutionProperties) = preSolution
		HideSolutionNode = FALSE
	EndGlobalSection
	GlobalSection(ExtensibilityGlobals) = postSolution
		SolutionGuid = {B612D413-8554-4F20-BC52-D7B02CBB369E}
	EndGlobalSection
EndGlobal
