
Microsoft Visual Studio Solution File, Format Version 12.00
# Visual Studio Version 17
VisualStudioVersion = 17.5.33530.505
MinimumVisualStudioVersion = 10.0.40219.1
Project("{FAE04EC0-301F-11D3-BF4B-00C04F79EFBC}") = "MusicService", "MusicService.csproj", "{CFD6EA14-4C28-4D55-87A0-E9875CA2931A}"
EndProject
Global
	GlobalSection(SolutionConfigurationPlatforms) = preSolution
		Debug|Any CPU = Debug|Any CPU
		Release|Any CPU = Release|Any CPU
	EndGlobalSection
	GlobalSection(ProjectConfigurationPlatforms) = postSolution
		{CFD6EA14-4C28-4D55-87A0-E9875CA2931A}.Debug|Any CPU.ActiveCfg = Debug|Any CPU
		{CFD6EA14-4C28-4D55-87A0-E9875CA2931A}.Debug|Any CPU.Build.0 = Debug|Any CPU
		{CFD6EA14-4C28-4D55-87A0-E9875CA2931A}.Debug|Any CPU.Deploy.0 = Debug|Any CPU
		{CFD6EA14-4C28-4D55-87A0-E9875CA2931A}.Release|Any CPU.ActiveCfg = Release|Any CPU
		{CFD6EA14-4C28-4D55-87A0-E9875CA2931A}.Release|Any CPU.Build.0 = Release|Any CPU
		{CFD6EA14-4C28-4D55-87A0-E9875CA2931A}.Release|Any CPU.Deploy.0 = Release|Any CPU
	EndGlobalSection
	GlobalSection(SolutionProperties) = preSolution
		HideSolutionNode = FALSE
	EndGlobalSection
	GlobalSection(ExtensibilityGlobals) = postSolution
		SolutionGuid = {83705527-6D16-440C-8314-9C135F6F2E4B}
	EndGlobalSection
EndGlobal
