
Microsoft Visual Studio Solution File, Format Version 12.00
# Visual Studio Version 17
VisualStudioVersion = 17.10.34928.147
MinimumVisualStudioVersion = 10.0.40219.1
Project("{FAE04EC0-301F-11D3-BF4B-00C04F79EFBC}") = "NewWebApp", "NewWebApp.csproj", "{0A2910A3-FE3B-4F33-9651-84F31249D085}"
EndProject
Global
	GlobalSection(SolutionConfigurationPlatforms) = preSolution
		Debug|Any CPU = Debug|Any CPU
		Release|Any CPU = Release|Any CPU
	EndGlobalSection
	GlobalSection(ProjectConfigurationPlatforms) = postSolution
		{0A2910A3-FE3B-4F33-9651-84F31249D085}.Debug|Any CPU.ActiveCfg = Debug|Any CPU
		{0A2910A3-FE3B-4F33-9651-84F31249D085}.Debug|Any CPU.Build.0 = Debug|Any CPU
		{0A2910A3-FE3B-4F33-9651-84F31249D085}.Release|Any CPU.ActiveCfg = Release|Any CPU
		{0A2910A3-FE3B-4F33-9651-84F31249D085}.Release|Any CPU.Build.0 = Release|Any CPU
	EndGlobalSection
	GlobalSection(SolutionProperties) = preSolution
		HideSolutionNode = FALSE
	EndGlobalSection
	GlobalSection(ExtensibilityGlobals) = postSolution
		SolutionGuid = {FBDE0A6B-DBB8-4A41-9848-99543FC5ADF2}
	EndGlobalSection
EndGlobal
