
Microsoft Visual Studio Solution File, Format Version 12.00
# Visual Studio Version 17
VisualStudioVersion = 17.5.33530.505
MinimumVisualStudioVersion = 10.0.40219.1
Project("{FAE04EC0-301F-11D3-BF4B-00C04F79EFBC}") = "strings", "strings.csproj", "{3DC19530-ABB0-4898-B137-BCC38C9CA371}"
EndProject
Global
	GlobalSection(SolutionConfigurationPlatforms) = preSolution
		Debug|Any CPU = Debug|Any CPU
		Release|Any CPU = Release|Any CPU
	EndGlobalSection
	GlobalSection(ProjectConfigurationPlatforms) = postSolution
		{3DC19530-ABB0-4898-B137-BCC38C9CA371}.Debug|Any CPU.ActiveCfg = Debug|Any CPU
		{3DC19530-ABB0-4898-B137-BCC38C9CA371}.Debug|Any CPU.Build.0 = Debug|Any CPU
		{3DC19530-ABB0-4898-B137-BCC38C9CA371}.Release|Any CPU.ActiveCfg = Release|Any CPU
		{3DC19530-ABB0-4898-B137-BCC38C9CA371}.Release|Any CPU.Build.0 = Release|Any CPU
	EndGlobalSection
	GlobalSection(SolutionProperties) = preSolution
		HideSolutionNode = FALSE
	EndGlobalSection
	GlobalSection(ExtensibilityGlobals) = postSolution
		SolutionGuid = {573E7F7F-6FF5-4A77-8A16-522CB00CC83D}
	EndGlobalSection
EndGlobal
