
Microsoft Visual Studio Solution File, Format Version 12.00
# Visual Studio Version 17
VisualStudioVersion = 17.5.33530.505
MinimumVisualStudioVersion = 10.0.40219.1
Project("{FAE04EC0-301F-11D3-BF4B-00C04F79EFBC}") = "threadsUI", "threadsUI.csproj", "{94057298-D8B8-4A0A-929F-98A7F2B32789}"
EndProject
Global
	GlobalSection(SolutionConfigurationPlatforms) = preSolution
		Debug|Any CPU = Debug|Any CPU
		Release|Any CPU = Release|Any CPU
	EndGlobalSection
	GlobalSection(ProjectConfigurationPlatforms) = postSolution
		{94057298-D8B8-4A0A-929F-98A7F2B32789}.Debug|Any CPU.ActiveCfg = Debug|Any CPU
		{94057298-D8B8-4A0A-929F-98A7F2B32789}.Debug|Any CPU.Build.0 = Debug|Any CPU
		{94057298-D8B8-4A0A-929F-98A7F2B32789}.Debug|Any CPU.Deploy.0 = Debug|Any CPU
		{94057298-D8B8-4A0A-929F-98A7F2B32789}.Release|Any CPU.ActiveCfg = Release|Any CPU
		{94057298-D8B8-4A0A-929F-98A7F2B32789}.Release|Any CPU.Build.0 = Release|Any CPU
		{94057298-D8B8-4A0A-929F-98A7F2B32789}.Release|Any CPU.Deploy.0 = Release|Any CPU
	EndGlobalSection
	GlobalSection(SolutionProperties) = preSolution
		HideSolutionNode = FALSE
	EndGlobalSection
	GlobalSection(ExtensibilityGlobals) = postSolution
		SolutionGuid = {99904A10-8023-454B-A107-0F256A7FDA86}
	EndGlobalSection
EndGlobal
