
Microsoft Visual Studio Solution File, Format Version 12.00
# Visual Studio Version 17
VisualStudioVersion = 17.7.34031.279
MinimumVisualStudioVersion = 10.0.40219.1
Project("{FAE04EC0-301F-11D3-BF4B-00C04F79EFBC}") = "FollowBall", "FollowBall\FollowBall.csproj", "{00FD35E9-E576-4E63-A730-58EE6B1CAC29}"
EndProject
Global
	GlobalSection(SolutionConfigurationPlatforms) = preSolution
		Debug|Any CPU = Debug|Any CPU
		Release|Any CPU = Release|Any CPU
	EndGlobalSection
	GlobalSection(ProjectConfigurationPlatforms) = postSolution
		{00FD35E9-E576-4E63-A730-58EE6B1CAC29}.Debug|Any CPU.ActiveCfg = Debug|Any CPU
		{00FD35E9-E576-4E63-A730-58EE6B1CAC29}.Debug|Any CPU.Build.0 = Debug|Any CPU
		{00FD35E9-E576-4E63-A730-58EE6B1CAC29}.Debug|Any CPU.Deploy.0 = Debug|Any CPU
		{00FD35E9-E576-4E63-A730-58EE6B1CAC29}.Release|Any CPU.ActiveCfg = Release|Any CPU
		{00FD35E9-E576-4E63-A730-58EE6B1CAC29}.Release|Any CPU.Build.0 = Release|Any CPU
		{00FD35E9-E576-4E63-A730-58EE6B1CAC29}.Release|Any CPU.Deploy.0 = Release|Any CPU
	EndGlobalSection
	GlobalSection(SolutionProperties) = preSolution
		HideSolutionNode = FALSE
	EndGlobalSection
	GlobalSection(ExtensibilityGlobals) = postSolution
		SolutionGuid = {0CA81D3D-DC88-4A76-9A60-DBF5ACCCA6D7}
	EndGlobalSection
EndGlobal
