
Microsoft Visual Studio Solution File, Format Version 12.00
# Visual Studio Version 17
VisualStudioVersion = 17.11.35312.102
MinimumVisualStudioVersion = 10.0.40219.1
Project("{FAE04EC0-301F-11D3-BF4B-00C04F79EFBC}") = "imageList", "imageList.csproj", "{6A68B2FB-FB49-4C30-B945-231B70FC7FCC}"
EndProject
Global
	GlobalSection(SolutionConfigurationPlatforms) = preSolution
		Debug|Any CPU = Debug|Any CPU
		Release|Any CPU = Release|Any CPU
	EndGlobalSection
	GlobalSection(ProjectConfigurationPlatforms) = postSolution
		{6A68B2FB-FB49-4C30-B945-231B70FC7FCC}.Debug|Any CPU.ActiveCfg = Debug|Any CPU
		{6A68B2FB-FB49-4C30-B945-231B70FC7FCC}.Debug|Any CPU.Build.0 = Debug|Any CPU
		{6A68B2FB-FB49-4C30-B945-231B70FC7FCC}.Debug|Any CPU.Deploy.0 = Debug|Any CPU
		{6A68B2FB-FB49-4C30-B945-231B70FC7FCC}.Release|Any CPU.ActiveCfg = Release|Any CPU
		{6A68B2FB-FB49-4C30-B945-231B70FC7FCC}.Release|Any CPU.Build.0 = Release|Any CPU
		{6A68B2FB-FB49-4C30-B945-231B70FC7FCC}.Release|Any CPU.Deploy.0 = Release|Any CPU
	EndGlobalSection
	GlobalSection(SolutionProperties) = preSolution
		HideSolutionNode = FALSE
	EndGlobalSection
	GlobalSection(ExtensibilityGlobals) = postSolution
		SolutionGuid = {5CF45980-46D1-4871-AA49-10A2CCBEAFD6}
	EndGlobalSection
EndGlobal
