
Microsoft Visual Studio Solution File, Format Version 12.00
# Visual Studio Version 17
VisualStudioVersion = 17.5.33530.505
MinimumVisualStudioVersion = 10.0.40219.1
Project("{FAE04EC0-301F-11D3-BF4B-00C04F79EFBC}") = "Map", "Map.csproj", "{ECBF8BCE-EA51-47EF-B48F-D053B669C4D6}"
EndProject
Global
	GlobalSection(SolutionConfigurationPlatforms) = preSolution
		Debug|Any CPU = Debug|Any CPU
		Release|Any CPU = Release|Any CPU
	EndGlobalSection
	GlobalSection(ProjectConfigurationPlatforms) = postSolution
		{ECBF8BCE-EA51-47EF-B48F-D053B669C4D6}.Debug|Any CPU.ActiveCfg = Debug|Any CPU
		{ECBF8BCE-EA51-47EF-B48F-D053B669C4D6}.Debug|Any CPU.Build.0 = Debug|Any CPU
		{ECBF8BCE-EA51-47EF-B48F-D053B669C4D6}.Debug|Any CPU.Deploy.0 = Debug|Any CPU
		{ECBF8BCE-EA51-47EF-B48F-D053B669C4D6}.Release|Any CPU.ActiveCfg = Release|Any CPU
		{ECBF8BCE-EA51-47EF-B48F-D053B669C4D6}.Release|Any CPU.Build.0 = Release|Any CPU
		{ECBF8BCE-EA51-47EF-B48F-D053B669C4D6}.Release|Any CPU.Deploy.0 = Release|Any CPU
	EndGlobalSection
	GlobalSection(SolutionProperties) = preSolution
		HideSolutionNode = FALSE
	EndGlobalSection
	GlobalSection(ExtensibilityGlobals) = postSolution
		SolutionGuid = {D72C3ABC-207E-401C-B63D-E1F9065CC4EB}
	EndGlobalSection
EndGlobal
