
Microsoft Visual Studio Solution File, Format Version 12.00
# Visual Studio Version 17
VisualStudioVersion = 17.5.33530.505
MinimumVisualStudioVersion = 10.0.40219.1
Project("{FAE04EC0-301F-11D3-BF4B-00C04F79EFBC}") = "call", "call.csproj", "{CAA6FEF3-1DDA-4847-8700-44DF750F6DD7}"
EndProject
Global
	GlobalSection(SolutionConfigurationPlatforms) = preSolution
		Debug|Any CPU = Debug|Any CPU
		Release|Any CPU = Release|Any CPU
	EndGlobalSection
	GlobalSection(ProjectConfigurationPlatforms) = postSolution
		{CAA6FEF3-1DDA-4847-8700-44DF750F6DD7}.Debug|Any CPU.ActiveCfg = Debug|Any CPU
		{CAA6FEF3-1DDA-4847-8700-44DF750F6DD7}.Debug|Any CPU.Build.0 = Debug|Any CPU
		{CAA6FEF3-1DDA-4847-8700-44DF750F6DD7}.Debug|Any CPU.Deploy.0 = Debug|Any CPU
		{CAA6FEF3-1DDA-4847-8700-44DF750F6DD7}.Release|Any CPU.ActiveCfg = Release|Any CPU
		{CAA6FEF3-1DDA-4847-8700-44DF750F6DD7}.Release|Any CPU.Build.0 = Release|Any CPU
		{CAA6FEF3-1DDA-4847-8700-44DF750F6DD7}.Release|Any CPU.Deploy.0 = Release|Any CPU
	EndGlobalSection
	GlobalSection(SolutionProperties) = preSolution
		HideSolutionNode = FALSE
	EndGlobalSection
	GlobalSection(ExtensibilityGlobals) = postSolution
		SolutionGuid = {4405E226-9726-4C8F-A249-7B279E1937D0}
	EndGlobalSection
EndGlobal
