
Microsoft Visual Studio Solution File, Format Version 12.00
# Visual Studio Version 17
VisualStudioVersion = 17.5.33530.505
MinimumVisualStudioVersion = 10.0.40219.1
Project("{FAE04EC0-301F-11D3-BF4B-00C04F79EFBC}") = "StringsConsole", "StringsConsole.csproj", "{D440BE4E-CDA6-4162-A6B0-CDE366E6C62B}"
EndProject
Global
	GlobalSection(SolutionConfigurationPlatforms) = preSolution
		Debug|Any CPU = Debug|Any CPU
		Release|Any CPU = Release|Any CPU
	EndGlobalSection
	GlobalSection(ProjectConfigurationPlatforms) = postSolution
		{D440BE4E-CDA6-4162-A6B0-CDE366E6C62B}.Debug|Any CPU.ActiveCfg = Debug|Any CPU
		{D440BE4E-CDA6-4162-A6B0-CDE366E6C62B}.Debug|Any CPU.Build.0 = Debug|Any CPU
		{D440BE4E-CDA6-4162-A6B0-CDE366E6C62B}.Release|Any CPU.ActiveCfg = Release|Any CPU
		{D440BE4E-CDA6-4162-A6B0-CDE366E6C62B}.Release|Any CPU.Build.0 = Release|Any CPU
	EndGlobalSection
	GlobalSection(SolutionProperties) = preSolution
		HideSolutionNode = FALSE
	EndGlobalSection
	GlobalSection(ExtensibilityGlobals) = postSolution
		SolutionGuid = {F10035F5-F4E2-491F-B014-76FDDA4E43A4}
	EndGlobalSection
EndGlobal
